
Microsoft Visual Studio Solution File, Format Version 12.00
# Visual Studio Version 16
VisualStudioVersion = 16.0.29920.165
MinimumVisualStudioVersion = 10.0.40219.1
Project("{FAE04EC0-301F-11D3-BF4B-00C04F79EFBC}") = "Snake", "Snake.csproj", "{CAD808BE-DE99-4703-A3B7-F0CA44C8C619}"
EndProject
Global
	GlobalSection(SolutionConfigurationPlatforms) = preSolution
		Debug|Any CPU = Debug|Any CPU
		Release|Any CPU = Release|Any CPU
	EndGlobalSection
	GlobalSection(ProjectConfigurationPlatforms) = postSolution
		{CAD808BE-DE99-4703-A3B7-F0CA44C8C619}.Debug|Any CPU.ActiveCfg = Debug|Any CPU
		{CAD808BE-DE99-4703-A3B7-F0CA44C8C619}.Debug|Any CPU.Build.0 = Debug|Any CPU
		{CAD808BE-DE99-4703-A3B7-F0CA44C8C619}.Release|Any CPU.ActiveCfg = Release|Any CPU
		{CAD808BE-DE99-4703-A3B7-F0CA44C8C619}.Release|Any CPU.Build.0 = Release|Any CPU
	EndGlobalSection
	GlobalSection(SolutionProperties) = preSolution
		HideSolutionNode = FALSE
	EndGlobalSection
	GlobalSection(ExtensibilityGlobals) = postSolution
		SolutionGuid = {14AD58E6-7379-4EF3-BA0E-15B098AFE1F5}
	EndGlobalSection
EndGlobal
